{
  "originHash" : "e859e3f4f29548df432bd7e452cb11fff4f61ba02351939f78d18a3104b75e7e",
  "pins" : [
    {
      "identity" : "highlightr",
      "kind" : "remoteSourceControl",
      "location" : "https://github.com/raspu/Highlightr",
      "state" : {
        "revision" : "05e7fcc63b33925cd0c1faaa205cdd5681e7bbef",
        "version" : "2.3.0"
      }
    },
    {
      "identity" : "sentry-cocoa",
      "kind" : "remoteSourceControl",
      "location" : "https://github.com/getsentry/sentry-cocoa",
      "state" : {
        "revision" : "05d3ce8332097ff0b2347231ac66476fd7d2f4d8",
        "version" : "9.8.0"
      }
    },
    {
      "identity" : "sparkle",
      "kind" : "remoteSourceControl",
      "location" : "https://github.com/sparkle-project/Sparkle",
      "state" : {
        "revision" : "06beff60e3b609a485290e4d5d2d1e2eedb1e55d",
        "version" : "2.7.3"
      }
    },
    {
      "identity" : "yitong",
      "kind" : "remoteSourceControl",
      "location" : "https://github.com/onevcat/YiTong.git",
      "state" : {
        "revision" : "9fe06046fc894440c664406ec1585995c6f08906",
        "version" : "0.2.0"
      }
    }
  ],
  "version" : 3
}
